
Microsoft Visual Studio Solution File, Format Version 12.00
# Visual Studio Version 17
VisualStudioVersion = 17.11.35327.3
MinimumVisualStudioVersion = 10.0.40219.1
Project("{FAE04EC0-301F-11D3-BF4B-00C04F79EFBC}") = "ToDoApp", "ToDoApp\ToDoApp.csproj", "{CF853833-F7A8-4095-B4E1-F2CC7EB39EF2}"
EndProject
Global
	GlobalSection(SolutionConfigurationPlatforms) = preSolution
		Debug|Any CPU = Debug|Any CPU
		Release|Any CPU = Release|Any CPU
	EndGlobalSection
	GlobalSection(ProjectConfigurationPlatforms) = postSolution
		{CF853833-F7A8-4095-B4E1-F2CC7EB39EF2}.Debug|Any CPU.ActiveCfg = Debug|Any CPU
		{CF853833-F7A8-4095-B4E1-F2CC7EB39EF2}.Debug|Any CPU.Build.0 = Debug|Any CPU
		{CF853833-F7A8-4095-B4E1-F2CC7EB39EF2}.Release|Any CPU.ActiveCfg = Release|Any CPU
		{CF853833-F7A8-4095-B4E1-F2CC7EB39EF2}.Release|Any CPU.Build.0 = Release|Any CPU
	EndGlobalSection
	GlobalSection(SolutionProperties) = preSolution
		HideSolutionNode = FALSE
	EndGlobalSection
	GlobalSection(ExtensibilityGlobals) = postSolution
		SolutionGuid = {153D1E1E-D77C-4AAF-ACF9-D1CBF85B864C}
	EndGlobalSection
EndGlobal
